{
  "name": "quiz",
  "version": "1.0.0",
  "lockfileVersion": 2,
  "requires": true,
  "packages": {
    "": {
      "name": "quiz",
      "version": "1.0.0",
      "license": "ISC",
      "dependencies": {
        "tsparticles-confetti": "^2.11.1"
      }
    },
    "node_modules/tsparticles-confetti": {
      "version": "2.11.1",
      "resolved": "https://registry.npmjs.org/tsparticles-confetti/-/tsparticles-confetti-2.11.1.tgz",
      "integrity": "sha512-nAefuR5yNsCTcma3Z0Nku6lAo3EVhmhUCvBpHruFsp6pb7pdDn1onSNnET5SZHU8TezasBZJhBb2vahcXYgNGw==",
      "funding": [
        {
          "type": "github",
          "url": "https://github.com/sponsors/matteobruni"
        },
        {
          "type": "github",
          "url": "https://github.com/sponsors/tsparticles"
        },
        {
          "type": "buymeacoffee",
          "url": "https://www.buymeacoffee.com/matteobruni"
        }
      ],
      "dependencies": {
        "tsparticles-engine": "^2.11.1",
        "tsparticles-move-base": "^2.11.1",
        "tsparticles-plugin-emitters": "^2.11.1",
        "tsparticles-plugin-motion": "^2.11.1",
        "tsparticles-shape-cards": "^2.11.1",
        "tsparticles-shape-circle": "^2.11.1",
        "tsparticles-shape-heart": "^2.11.1",
        "tsparticles-shape-image": "^2.11.1",
        "tsparticles-shape-polygon": "^2.11.1",
        "tsparticles-shape-square": "^2.11.1",
        "tsparticles-shape-star": "^2.11.1",
        "tsparticles-shape-text": "^2.11.1",
        "tsparticles-updater-color": "^2.11.1",
        "tsparticles-updater-life": "^2.11.1",
        "tsparticles-updater-opacity": "^2.11.1",
        "tsparticles-updater-out-modes": "^2.11.1",
        "tsparticles-updater-roll": "^2.11.1",
        "tsparticles-updater-rotate": "^2.11.1",
        "tsparticles-updater-size": "^2.11.1",
        "tsparticles-updater-tilt": "^2.11.1",
        "tsparticles-updater-wobble": "^2.11.1"
      }
    },
    "node_modules/tsparticles-engine": {
      "version": "2.11.1",
      "resolved": "https://registry.npmjs.org/tsparticles-engine/-/tsparticles-engine-2.11.1.tgz",
      "integrity": "sha512-tkoCi2SWIVcOkxni6I+ECRz3xfSX2dP/Wn+Kt8Qga/BGWlSrdvLVUn3DbXNJq6h/6efs6n4Db6uFtkceSyRWGg==",
      "funding": [
        {
          "type": "github",
          "url": "https://github.com/sponsors/matteobruni"
        },
        {
          "type": "github",
          "url": "https://github.com/sponsors/tsparticles"
        },
        {
          "type": "buymeacoffee",
          "url": "https://www.buymeacoffee.com/matteobruni"
        }
      ],
      "hasInstallScript": true
    },
    "node_modules/tsparticles-move-base": {
      "version": "2.11.1",
      "resolved": "https://registry.npmjs.org/tsparticles-move-base/-/tsparticles-move-base-2.11.1.tgz",
      "integrity": "sha512-u55RlRaSzoJNiVF9cG6SZmR/J2jb/sCGsOb4kLZhH0tvQBUcJOtv1yeHzpRTugliJVAvJ1zfAjv1pVNmI00KcQ==",
      "dependencies": {
        "tsparticles-engine": "^2.11.1"
      }
    },
    "node_modules/tsparticles-plugin-emitters": {
      "version": "2.11.1",
      "resolved": "https://registry.npmjs.org/tsparticles-plugin-emitters/-/tsparticles-plugin-emitters-2.11.1.tgz",
      "integrity": "sha512-X0lAZrLE3Eca0vmOUGZpPO2N/kfEaxpm6fvEvc2lLCfhv2z3h/5JPLKXlxfOQvUvFSxzrYcjQYuwQ6Pq6KtG6A==",
      "dependencies": {
        "tsparticles-engine": "^2.11.1"
      }
    },
    "node_modules/tsparticles-plugin-motion": {
      "version": "2.11.1",
      "resolved": "https://registry.npmjs.org/tsparticles-plugin-motion/-/tsparticles-plugin-motion-2.11.1.tgz",
      "integrity": "sha512-JTsQbZqaGcSjYrNx0U8hoGtUFDWUkhq6Q9wxWADLjUFsGWrOEIn0AvpuWBkbvM/l1nFecJwwTRcSYFgXMJVeUA==",
      "dependencies": {
        "tsparticles-engine": "^2.11.1"
      }
    },
    "node_modules/tsparticles-shape-cards": {
      "version": "2.11.1",
      "resolved": "https://registry.npmjs.org/tsparticles-shape-cards/-/tsparticles-shape-cards-2.11.1.tgz",
      "integrity": "sha512-cyIVrxSawxu+D/N2qkmjqGyuTNrz1DbOMiNJNf14DyF+qwePARFfOOZ4ZjO/kerZohKVWT1OoPC/awHSrelJsw==",
      "funding": [
        {
          "type": "github",
          "url": "https://github.com/sponsors/matteobruni"
        },
        {
          "type": "github",
          "url": "https://github.com/sponsors/tsparticles"
        },
        {
          "type": "buymeacoffee",
          "url": "https://www.buymeacoffee.com/matteobruni"
        }
      ],
      "dependencies": {
        "tsparticles-engine": "^2.11.1"
      }
    },
    "node_modules/tsparticles-shape-circle": {
      "version": "2.11.1",
      "resolved": "https://registry.npmjs.org/tsparticles-shape-circle/-/tsparticles-shape-circle-2.11.1.tgz",
      "integrity": "sha512-SgQWTKlPtwuSpRaY6nr+KVF1JMHIQy/6ujAgDhfSenmFggDj+Y6j49fqNtBkpbQRvA3hMuDWXjPPIClmZxw27Q==",
      "dependencies": {
        "tsparticles-engine": "^2.11.1"
      }
    },
    "node_modules/tsparticles-shape-heart": {
      "version": "2.11.1",
      "resolved": "https://registry.npmjs.org/tsparticles-shape-heart/-/tsparticles-shape-heart-2.11.1.tgz",
      "integrity": "sha512-G2HGZ5ja6/L8T7BlbFCIO5gRyaMU8L4NoIHYeRj/Yoy4KV8w9H/m9E4lfie1LyjdDP+ATPnOr+7gMCSyxSU1OQ==",
      "funding": [
        {
          "type": "github",
          "url": "https://github.com/sponsors/matteobruni"
        },
        {
          "type": "github",
          "url": "https://github.com/sponsors/tsparticles"
        },
        {
          "type": "buymeacoffee",
          "url": "https://www.buymeacoffee.com/matteobruni"
        }
      ],
      "dependencies": {
        "tsparticles-engine": "^2.11.1"
      }
    },
    "node_modules/tsparticles-shape-image": {
      "version": "2.11.1",
      "resolved": "https://registry.npmjs.org/tsparticles-shape-image/-/tsparticles-shape-image-2.11.1.tgz",
      "integrity": "sha512-kruWOUcJNrzyGeAIKx7z44s1l06rhR3GCm0yXrpwy+/OsVqOVZmXW1dPhoqExPQVUToeWtwUasYNn5x0voV2kw==",
      "dependencies": {
        "tsparticles-engine": "^2.11.1"
      }
    },
    "node_modules/tsparticles-shape-polygon": {
      "version": "2.11.1",
      "resolved": "https://registry.npmjs.org/tsparticles-shape-polygon/-/tsparticles-shape-polygon-2.11.1.tgz",
      "integrity": "sha512-brWdwUpyIWiJUasVkigyCtlPr2XduFMggGVxuuuL3PBdIKr31Xeyt/6+dYj8VX1elQRrSebaf+Hru3dQOloRxg==",
      "dependencies": {
        "tsparticles-engine": "^2.11.1"
      }
    },
    "node_modules/tsparticles-shape-square": {
      "version": "2.11.1",
      "resolved": "https://registry.npmjs.org/tsparticles-shape-square/-/tsparticles-shape-square-2.11.1.tgz",
      "integrity": "sha512-DyLPcPzn3Ks2L7wB4RGLZYSZ2Hc14dWmNAjsHnTGU7eo4Ne7ZCrycEV4PQS6iMeyYkvwSCSJ/ZHPS2BMvhuhMw==",
      "dependencies": {
        "tsparticles-engine": "^2.11.1"
      }
    },
    "node_modules/tsparticles-shape-star": {
      "version": "2.11.1",
      "resolved": "https://registry.npmjs.org/tsparticles-shape-star/-/tsparticles-shape-star-2.11.1.tgz",
      "integrity": "sha512-80qB758vgeWfcXh7tLbzWP+HrDUnwx0KXUrX/LVC3ovT9qSNE9b87tMXsc2JFeUNHP+Bn9RQCYIYPtgp+EezCw==",
      "dependencies": {
        "tsparticles-engine": "^2.11.1"
      }
    },
    "node_modules/tsparticles-shape-text": {
      "version": "2.11.1",
      "resolved": "https://registry.npmjs.org/tsparticles-shape-text/-/tsparticles-shape-text-2.11.1.tgz",
      "integrity": "sha512-PFq6KowuBFgmX93tmuxAD7z4Ua9E9rEzxELvIdqEgi7LXDSjNKBdXkFi16FcNwI9vWH5Uh1maZCYOwS35NjbFQ==",
      "dependencies": {
        "tsparticles-engine": "^2.11.1"
      }
    },
    "node_modules/tsparticles-updater-color": {
      "version": "2.11.1",
      "resolved": "https://registry.npmjs.org/tsparticles-updater-color/-/tsparticles-updater-color-2.11.1.tgz",
      "integrity": "sha512-lMU5WxZ3HqG+qhqhecc91IWEIH5K8A4hPdO7tsAyjneAihw81v596HpKjIGcbzJc/XqNNdh4sNxJ0vBS5vYmjA==",
      "dependencies": {
        "tsparticles-engine": "^2.11.1"
      }
    },
    "node_modules/tsparticles-updater-life": {
      "version": "2.11.1",
      "resolved": "https://registry.npmjs.org/tsparticles-updater-life/-/tsparticles-updater-life-2.11.1.tgz",
      "integrity": "sha512-PDTrTaWZAggfdqsAI5cQi8qtfCknCu8EqYTvn4j7Ukq7fr1rj/y7z9BLQI4PCdci6wBiuo2uEv+GURcpp6KbcQ==",
      "dependencies": {
        "tsparticles-engine": "^2.11.1"
      }
    },
    "node_modules/tsparticles-updater-opacity": {
      "version": "2.11.1",
      "resolved": "https://registry.npmjs.org/tsparticles-updater-opacity/-/tsparticles-updater-opacity-2.11.1.tgz",
      "integrity": "sha512-SK9pEczu6j6ORlhkEJ8RLQoC2pFwDTTF8HoBYXTJEacoOjXaIuawkTwJbS/n5oLPmi4T4+t9Uq+a0qxTiN7pOw==",
      "dependencies": {
        "tsparticles-engine": "^2.11.1"
      }
    },
    "node_modules/tsparticles-updater-out-modes": {
      "version": "2.11.1",
      "resolved": "https://registry.npmjs.org/tsparticles-updater-out-modes/-/tsparticles-updater-out-modes-2.11.1.tgz",
      "integrity": "sha512-/vjWuTN4M9U1BkENNm4YnsKzdYcv5drxfwo+QcMUtrkhZS6VEVHVD5Zbatl5u4w7gz7eVz2j2Lp0L6Eo1ngZ7Q==",
      "dependencies": {
        "tsparticles-engine": "^2.11.1"
      }
    },
    "node_modules/tsparticles-updater-roll": {
      "version": "2.11.1",
      "resolved": "https://registry.npmjs.org/tsparticles-updater-roll/-/tsparticles-updater-roll-2.11.1.tgz",
      "integrity": "sha512-HxKYhdh+9oduVZ18CamZPiiCQHiOQZs6eYUFKrmxwm/nk1Uxwt33UtCWVNwbGs1ND7deKZaaliobhFTXTo5tcg==",
      "dependencies": {
        "tsparticles-engine": "^2.11.1"
      }
    },
    "node_modules/tsparticles-updater-rotate": {
      "version": "2.11.1",
      "resolved": "https://registry.npmjs.org/tsparticles-updater-rotate/-/tsparticles-updater-rotate-2.11.1.tgz",
      "integrity": "sha512-AmDr9rGyul90XeC0NjywbpX7h+L0QR66gttOmgxyeIOGf9uL9zsxobm817mZb5Zi6k/7bypmTKiyVCEVi7hIIw==",
      "dependencies": {
        "tsparticles-engine": "^2.11.1"
      }
    },
    "node_modules/tsparticles-updater-size": {
      "version": "2.11.1",
      "resolved": "https://registry.npmjs.org/tsparticles-updater-size/-/tsparticles-updater-size-2.11.1.tgz",
      "integrity": "sha512-4uBL5J3K1S/v+lHzEFVVvYTnGM369R27Mww5FL1cpeeW0UyPRL27i/tcjo/uKLFD6ZBObVCME2Y1suCWsBWgcA==",
      "dependencies": {
        "tsparticles-engine": "^2.11.1"
      }
    },
    "node_modules/tsparticles-updater-tilt": {
      "version": "2.11.1",
      "resolved": "https://registry.npmjs.org/tsparticles-updater-tilt/-/tsparticles-updater-tilt-2.11.1.tgz",
      "integrity": "sha512-qFZVyH3+MrGO2TNR2zg5IkvrVnSf92O/G2fAs7xvxyX5WZpmnKGuqhqOngBGFSirB8E3scz4v2MA0NnCirjr2A==",
      "dependencies": {
        "tsparticles-engine": "^2.11.1"
      }
    },
    "node_modules/tsparticles-updater-wobble": {
      "version": "2.11.1",
      "resolved": "https://registry.npmjs.org/tsparticles-updater-wobble/-/tsparticles-updater-wobble-2.11.1.tgz",
      "integrity": "sha512-NXqJu6eHIOgLeEBAEveeSnOlRKyTQFgA0Ol1pcHOd17zW9QPD7MffKx41v3GKRUUc7ycaAETIvl91dfIIc+sdw==",
      "dependencies": {
        "tsparticles-engine": "^2.11.1"
      }
    }
  },
  "dependencies": {
    "tsparticles-confetti": {
      "version": "2.11.1",
      "resolved": "https://registry.npmjs.org/tsparticles-confetti/-/tsparticles-confetti-2.11.1.tgz",
      "integrity": "sha512-nAefuR5yNsCTcma3Z0Nku6lAo3EVhmhUCvBpHruFsp6pb7pdDn1onSNnET5SZHU8TezasBZJhBb2vahcXYgNGw==",
      "requires": {
        "tsparticles-engine": "^2.11.1",
        "tsparticles-move-base": "^2.11.1",
        "tsparticles-plugin-emitters": "^2.11.1",
        "tsparticles-plugin-motion": "^2.11.1",
        "tsparticles-shape-cards": "^2.11.1",
        "tsparticles-shape-circle": "^2.11.1",
        "tsparticles-shape-heart": "^2.11.1",
        "tsparticles-shape-image": "^2.11.1",
        "tsparticles-shape-polygon": "^2.11.1",
        "tsparticles-shape-square": "^2.11.1",
        "tsparticles-shape-star": "^2.11.1",
        "tsparticles-shape-text": "^2.11.1",
        "tsparticles-updater-color": "^2.11.1",
        "tsparticles-updater-life": "^2.11.1",
        "tsparticles-updater-opacity": "^2.11.1",
        "tsparticles-updater-out-modes": "^2.11.1",
        "tsparticles-updater-roll": "^2.11.1",
        "tsparticles-updater-rotate": "^2.11.1",
        "tsparticles-updater-size": "^2.11.1",
        "tsparticles-updater-tilt": "^2.11.1",
        "tsparticles-updater-wobble": "^2.11.1"
      }
    },
    "tsparticles-engine": {
      "version": "2.11.1",
      "resolved": "https://registry.npmjs.org/tsparticles-engine/-/tsparticles-engine-2.11.1.tgz",
      "integrity": "sha512-tkoCi2SWIVcOkxni6I+ECRz3xfSX2dP/Wn+Kt8Qga/BGWlSrdvLVUn3DbXNJq6h/6efs6n4Db6uFtkceSyRWGg=="
    },
    "tsparticles-move-base": {
      "version": "2.11.1",
      "resolved": "https://registry.npmjs.org/tsparticles-move-base/-/tsparticles-move-base-2.11.1.tgz",
      "integrity": "sha512-u55RlRaSzoJNiVF9cG6SZmR/J2jb/sCGsOb4kLZhH0tvQBUcJOtv1yeHzpRTugliJVAvJ1zfAjv1pVNmI00KcQ==",
      "requires": {
        "tsparticles-engine": "^2.11.1"
      }
    },
    "tsparticles-plugin-emitters": {
      "version": "2.11.1",
      "resolved": "https://registry.npmjs.org/tsparticles-plugin-emitters/-/tsparticles-plugin-emitters-2.11.1.tgz",
      "integrity": "sha512-X0lAZrLE3Eca0vmOUGZpPO2N/kfEaxpm6fvEvc2lLCfhv2z3h/5JPLKXlxfOQvUvFSxzrYcjQYuwQ6Pq6KtG6A==",
      "requires": {
        "tsparticles-engine": "^2.11.1"
      }
    },
    "tsparticles-plugin-motion": {
      "version": "2.11.1",
      "resolved": "https://registry.npmjs.org/tsparticles-plugin-motion/-/tsparticles-plugin-motion-2.11.1.tgz",
      "integrity": "sha512-JTsQbZqaGcSjYrNx0U8hoGtUFDWUkhq6Q9wxWADLjUFsGWrOEIn0AvpuWBkbvM/l1nFecJwwTRcSYFgXMJVeUA==",
      "requires": {
        "tsparticles-engine": "^2.11.1"
      }
    },
    "tsparticles-shape-cards": {
      "version": "2.11.1",
      "resolved": "https://registry.npmjs.org/tsparticles-shape-cards/-/tsparticles-shape-cards-2.11.1.tgz",
      "integrity": "sha512-cyIVrxSawxu+D/N2qkmjqGyuTNrz1DbOMiNJNf14DyF+qwePARFfOOZ4ZjO/kerZohKVWT1OoPC/awHSrelJsw==",
      "requires": {
        "tsparticles-engine": "^2.11.1"
      }
    },
    "tsparticles-shape-circle": {
      "version": "2.11.1",
      "resolved": "https://registry.npmjs.org/tsparticles-shape-circle/-/tsparticles-shape-circle-2.11.1.tgz",
      "integrity": "sha512-SgQWTKlPtwuSpRaY6nr+KVF1JMHIQy/6ujAgDhfSenmFggDj+Y6j49fqNtBkpbQRvA3hMuDWXjPPIClmZxw27Q==",
      "requires": {
        "tsparticles-engine": "^2.11.1"
      }
    },
    "tsparticles-shape-heart": {
      "version": "2.11.1",
      "resolved": "https://registry.npmjs.org/tsparticles-shape-heart/-/tsparticles-shape-heart-2.11.1.tgz",
      "integrity": "sha512-G2HGZ5ja6/L8T7BlbFCIO5gRyaMU8L4NoIHYeRj/Yoy4KV8w9H/m9E4lfie1LyjdDP+ATPnOr+7gMCSyxSU1OQ==",
      "requires": {
        "tsparticles-engine": "^2.11.1"
      }
    },
    "tsparticles-shape-image": {
      "version": "2.11.1",
      "resolved": "https://registry.npmjs.org/tsparticles-shape-image/-/tsparticles-shape-image-2.11.1.tgz",
      "integrity": "sha512-kruWOUcJNrzyGeAIKx7z44s1l06rhR3GCm0yXrpwy+/OsVqOVZmXW1dPhoqExPQVUToeWtwUasYNn5x0voV2kw==",
      "requires": {
        "tsparticles-engine": "^2.11.1"
      }
    },
    "tsparticles-shape-polygon": {
      "version": "2.11.1",
      "resolved": "https://registry.npmjs.org/tsparticles-shape-polygon/-/tsparticles-shape-polygon-2.11.1.tgz",
      "integrity": "sha512-brWdwUpyIWiJUasVkigyCtlPr2XduFMggGVxuuuL3PBdIKr31Xeyt/6+dYj8VX1elQRrSebaf+Hru3dQOloRxg==",
      "requires": {
        "tsparticles-engine": "^2.11.1"
      }
    },
    "tsparticles-shape-square": {
      "version": "2.11.1",
      "resolved": "https://registry.npmjs.org/tsparticles-shape-square/-/tsparticles-shape-square-2.11.1.tgz",
      "integrity": "sha512-DyLPcPzn3Ks2L7wB4RGLZYSZ2Hc14dWmNAjsHnTGU7eo4Ne7ZCrycEV4PQS6iMeyYkvwSCSJ/ZHPS2BMvhuhMw==",
      "requires": {
        "tsparticles-engine": "^2.11.1"
      }
    },
    "tsparticles-shape-star": {
      "version": "2.11.1",
      "resolved": "https://registry.npmjs.org/tsparticles-shape-star/-/tsparticles-shape-star-2.11.1.tgz",
      "integrity": "sha512-80qB758vgeWfcXh7tLbzWP+HrDUnwx0KXUrX/LVC3ovT9qSNE9b87tMXsc2JFeUNHP+Bn9RQCYIYPtgp+EezCw==",
      "requires": {
        "tsparticles-engine": "^2.11.1"
      }
    },
    "tsparticles-shape-text": {
      "version": "2.11.1",
      "resolved": "https://registry.npmjs.org/tsparticles-shape-text/-/tsparticles-shape-text-2.11.1.tgz",
      "integrity": "sha512-PFq6KowuBFgmX93tmuxAD7z4Ua9E9rEzxELvIdqEgi7LXDSjNKBdXkFi16FcNwI9vWH5Uh1maZCYOwS35NjbFQ==",
      "requires": {
        "tsparticles-engine": "^2.11.1"
      }
    },
    "tsparticles-updater-color": {
      "version": "2.11.1",
      "resolved": "https://registry.npmjs.org/tsparticles-updater-color/-/tsparticles-updater-color-2.11.1.tgz",
      "integrity": "sha512-lMU5WxZ3HqG+qhqhecc91IWEIH5K8A4hPdO7tsAyjneAihw81v596HpKjIGcbzJc/XqNNdh4sNxJ0vBS5vYmjA==",
      "requires": {
        "tsparticles-engine": "^2.11.1"
      }
    },
    "tsparticles-updater-life": {
      "version": "2.11.1",
      "resolved": "https://registry.npmjs.org/tsparticles-updater-life/-/tsparticles-updater-life-2.11.1.tgz",
      "integrity": "sha512-PDTrTaWZAggfdqsAI5cQi8qtfCknCu8EqYTvn4j7Ukq7fr1rj/y7z9BLQI4PCdci6wBiuo2uEv+GURcpp6KbcQ==",
      "requires": {
        "tsparticles-engine": "^2.11.1"
      }
    },
    "tsparticles-updater-opacity": {
      "version": "2.11.1",
      "resolved": "https://registry.npmjs.org/tsparticles-updater-opacity/-/tsparticles-updater-opacity-2.11.1.tgz",
      "integrity": "sha512-SK9pEczu6j6ORlhkEJ8RLQoC2pFwDTTF8HoBYXTJEacoOjXaIuawkTwJbS/n5oLPmi4T4+t9Uq+a0qxTiN7pOw==",
      "requires": {
        "tsparticles-engine": "^2.11.1"
      }
    },
    "tsparticles-updater-out-modes": {
      "version": "2.11.1",
      "resolved": "https://registry.npmjs.org/tsparticles-updater-out-modes/-/tsparticles-updater-out-modes-2.11.1.tgz",
      "integrity": "sha512-/vjWuTN4M9U1BkENNm4YnsKzdYcv5drxfwo+QcMUtrkhZS6VEVHVD5Zbatl5u4w7gz7eVz2j2Lp0L6Eo1ngZ7Q==",
      "requires": {
        "tsparticles-engine": "^2.11.1"
      }
    },
    "tsparticles-updater-roll": {
      "version": "2.11.1",
      "resolved": "https://registry.npmjs.org/tsparticles-updater-roll/-/tsparticles-updater-roll-2.11.1.tgz",
      "integrity": "sha512-HxKYhdh+9oduVZ18CamZPiiCQHiOQZs6eYUFKrmxwm/nk1Uxwt33UtCWVNwbGs1ND7deKZaaliobhFTXTo5tcg==",
      "requires": {
        "tsparticles-engine": "^2.11.1"
      }
    },
    "tsparticles-updater-rotate": {
      "version": "2.11.1",
      "resolved": "https://registry.npmjs.org/tsparticles-updater-rotate/-/tsparticles-updater-rotate-2.11.1.tgz",
      "integrity": "sha512-AmDr9rGyul90XeC0NjywbpX7h+L0QR66gttOmgxyeIOGf9uL9zsxobm817mZb5Zi6k/7bypmTKiyVCEVi7hIIw==",
      "requires": {
        "tsparticles-engine": "^2.11.1"
      }
    },
    "tsparticles-updater-size": {
      "version": "2.11.1",
      "resolved": "https://registry.npmjs.org/tsparticles-updater-size/-/tsparticles-updater-size-2.11.1.tgz",
      "integrity": "sha512-4uBL5J3K1S/v+lHzEFVVvYTnGM369R27Mww5FL1cpeeW0UyPRL27i/tcjo/uKLFD6ZBObVCME2Y1suCWsBWgcA==",
      "requires": {
        "tsparticles-engine": "^2.11.1"
      }
    },
    "tsparticles-updater-tilt": {
      "version": "2.11.1",
      "resolved": "https://registry.npmjs.org/tsparticles-updater-tilt/-/tsparticles-updater-tilt-2.11.1.tgz",
      "integrity": "sha512-qFZVyH3+MrGO2TNR2zg5IkvrVnSf92O/G2fAs7xvxyX5WZpmnKGuqhqOngBGFSirB8E3scz4v2MA0NnCirjr2A==",
      "requires": {
        "tsparticles-engine": "^2.11.1"
      }
    },
    "tsparticles-updater-wobble": {
      "version": "2.11.1",
      "resolved": "https://registry.npmjs.org/tsparticles-updater-wobble/-/tsparticles-updater-wobble-2.11.1.tgz",
      "integrity": "sha512-NXqJu6eHIOgLeEBAEveeSnOlRKyTQFgA0Ol1pcHOd17zW9QPD7MffKx41v3GKRUUc7ycaAETIvl91dfIIc+sdw==",
      "requires": {
        "tsparticles-engine": "^2.11.1"
      }
    }
  }
}
